
Microsoft Visual Studio Solution File, Format Version 12.00
# Visual Studio 15
VisualStudioVersion = 15.0.28307.1758
MinimumVisualStudioVersion = 10.0.40219.1
Project("{8BC9CEB8-8B4A-11D0-8D11-00A0C91BC942}") = "Win32-Native", "Win32-Native\Win32-Native.vcxproj", "{0956DFEB-85E0-419B-BC98-06CFBDBD499E}"
EndProject
Project("{8BC9CEB8-8B4A-11D0-8D11-00A0C91BC942}") = "Win32-Button", "Win32-Button\Win32-Button.vcxproj", "{CB1C47D2-95BB-42B2-9EB7-17A5F80822E4}"
EndProject
Global
	GlobalSection(SolutionConfigurationPlatforms) = preSolution
		Debug|x64 = Debug|x64
		Debug|x86 = Debug|x86
		Release|x64 = Release|x64
		Release|x86 = Release|x86
	EndGlobalSection
	GlobalSection(ProjectConfigurationPlatforms) = postSolution
		{0956DFEB-85E0-419B-BC98-06CFBDBD499E}.Debug|x64.ActiveCfg = Debug|x64
		{0956DFEB-85E0-419B-BC98-06CFBDBD499E}.Debug|x64.Build.0 = Debug|x64
		{0956DFEB-85E0-419B-BC98-06CFBDBD499E}.Debug|x86.ActiveCfg = Debug|Win32
		{0956DFEB-85E0-419B-BC98-06CFBDBD499E}.Debug|x86.Build.0 = Debug|Win32
		{0956DFEB-85E0-419B-BC98-06CFBDBD499E}.Release|x64.ActiveCfg = Release|x64
		{0956DFEB-85E0-419B-BC98-06CFBDBD499E}.Release|x64.Build.0 = Release|x64
		{0956DFEB-85E0-419B-BC98-06CFBDBD499E}.Release|x86.ActiveCfg = Release|Win32
		{0956DFEB-85E0-419B-BC98-06CFBDBD499E}.Release|x86.Build.0 = Release|Win32
		{CB1C47D2-95BB-42B2-9EB7-17A5F80822E4}.Debug|x64.ActiveCfg = Debug|x64
		{CB1C47D2-95BB-42B2-9EB7-17A5F80822E4}.Debug|x64.Build.0 = Debug|x64
		{CB1C47D2-95BB-42B2-9EB7-17A5F80822E4}.Debug|x86.ActiveCfg = Debug|Win32
		{CB1C47D2-95BB-42B2-9EB7-17A5F80822E4}.Debug|x86.Build.0 = Debug|Win32
		{CB1C47D2-95BB-42B2-9EB7-17A5F80822E4}.Release|x64.ActiveCfg = Release|x64
		{CB1C47D2-95BB-42B2-9EB7-17A5F80822E4}.Release|x64.Build.0 = Release|x64
		{CB1C47D2-95BB-42B2-9EB7-17A5F80822E4}.Release|x86.ActiveCfg = Release|Win32
		{CB1C47D2-95BB-42B2-9EB7-17A5F80822E4}.Release|x86.Build.0 = Release|Win32
	EndGlobalSection
	GlobalSection(SolutionProperties) = preSolution
		HideSolutionNode = FALSE
	EndGlobalSection
	GlobalSection(ExtensibilityGlobals) = postSolution
		SolutionGuid = {0E749B3F-324B-421E-AC5D-4B6D915690FA}
	EndGlobalSection
EndGlobal
