<?xml version="1.0" encoding="utf-8"?>
<Project ToolsVersion="4.0" xmlns="http://schemas.microsoft.com/developer/msbuild/2003">
  <ItemGroup>
    <Filter Include="Source Files">
      <UniqueIdentifier>{4FC737F1-C7A5-4376-A066-2A32D752A2FF}</UniqueIdentifier>
      <Extensions>cpp;c;cc;cxx;def;odl;idl;hpj;bat;asm;asmx</Extensions>
    </Filter>
    <Filter Include="Gui">
      <UniqueIdentifier>{8f468910-2a9f-4ed1-b29b-58f1bdcf4a87}</UniqueIdentifier>
    </Filter>
    <Filter Include="Hook">
      <UniqueIdentifier>{cea9d304-a8dd-43b9-b306-d75ec1e4bd7a}</UniqueIdentifier>
    </Filter>
  </ItemGroup>
  <ItemGroup>
    <ClInclude Include="Wnd.h">
      <Filter>Source Files</Filter>
    </ClInclude>
    <ClInclude Include="Control.h">
      <Filter>Source Files</Filter>
    </ClInclude>
    <ClInclude Include="PCH.h">
      <Filter>Source Files</Filter>
    </ClInclude>
    <ClInclude Include="Application.h">
      <Filter>Source Files</Filter>
    </ClInclude>
    <ClInclude Include="Painter.h">
      <Filter>Source Files</Filter>
    </ClInclude>
    <ClInclude Include="IButton.h">
      <Filter>Gui</Filter>
    </ClInclude>
    <ClInclude Include="ILineEdit.h">
      <Filter>Gui</Filter>
    </ClInclude>
    <ClInclude Include="ITabControl.h">
      <Filter>Gui</Filter>
    </ClInclude>
    <ClInclude Include="IStatusBar.h">
      <Filter>Gui</Filter>
    </ClInclude>
    <ClInclude Include="CBTHook.h">
      <Filter>Hook</Filter>
    </ClInclude>
    <ClInclude Include="WndCache.h">
      <Filter>Source Files</Filter>
    </ClInclude>
  </ItemGroup>
  <ItemGroup>
    <ClCompile Include="Wnd.cpp">
      <Filter>Source Files</Filter>
    </ClCompile>
    <ClCompile Include="Main.cpp">
      <Filter>Source Files</Filter>
    </ClCompile>
    <ClCompile Include="PCH.cpp">
      <Filter>Source Files</Filter>
    </ClCompile>
    <ClCompile Include="Application.cpp">
      <Filter>Source Files</Filter>
    </ClCompile>
    <ClCompile Include="Control.cpp">
      <Filter>Source Files</Filter>
    </ClCompile>
    <ClCompile Include="Painter.cpp">
      <Filter>Source Files</Filter>
    </ClCompile>
    <ClCompile Include="IButton.cpp">
      <Filter>Gui</Filter>
    </ClCompile>
    <ClCompile Include="ILineEdit.cpp">
      <Filter>Gui</Filter>
    </ClCompile>
    <ClCompile Include="ITabControl.cpp">
      <Filter>Gui</Filter>
    </ClCompile>
    <ClCompile Include="IStatusBar.cpp">
      <Filter>Gui</Filter>
    </ClCompile>
    <ClCompile Include="CBTHook.cpp">
      <Filter>Hook</Filter>
    </ClCompile>
    <ClCompile Include="WndCache.cpp">
      <Filter>Source Files</Filter>
    </ClCompile>
  </ItemGroup>
</Project>